// !$*UTF8*$!
{
	archiveVersion = 1;
	classes = {
	};
	objectVersion = 50;
	objects = {

/* Begin PBXBuildFile section */
		42C79D1824813F9D0071D14B /* AppDelegate.swift in Sources */ = {isa = PBXBuildFile; fileRef = 42C79D1724813F9D0071D14B /* AppDelegate.swift */; };
		42C79D1A24813F9D0071D14B /* SceneDelegate.swift in Sources */ = {isa = PBXBuildFile; fileRef = 42C79D1924813F9D0071D14B /* SceneDelegate.swift */; };
		42C79D1C24813F9D0071D14B /* ViewController.swift in Sources */ = {isa = PBXBuildFile; fileRef = 42C79D1B24813F9D0071D14B /* ViewController.swift */; };
		42C79D1F24813F9D0071D14B /* Main.storyboard in Resources */ = {isa = PBXBuildFile; fileRef = 42C79D1D24813F9D0071D14B /* Main.storyboard */; };
		42C79D2124813FA10071D14B /* Assets.xcassets in Resources */ = {isa = PBXBuildFile; fileRef = 42C79D2024813FA10071D14B /* Assets.xcassets */; };
		42C79D2424813FA10071D14B /* LaunchScreen.storyboard in Resources */ = {isa = PBXBuildFile; fileRef = 42C79D2224813FA10071D14B /* LaunchScreen.storyboard */; };
/* End PBXBuildFile section */

/* Begin PBXFileReference section */
		42C79D1424813F9D0071D14B /* UserList202005.app */ = {isa = PBXFileReference; explicitFileType = wrapper.application; includeInIndex = 0; path = UserList202005.app; sourceTree = BUILT_PRODUCTS_DIR; };
		42C79D1724813F9D0071D14B /* AppDelegate.swift */ = {isa = PBXFileReference; lastKnownFileType = sourcecode.swift; path = AppDelegate.swift; sourceTree = "<group>"; };
		42C79D1924813F9D0071D14B /* SceneDelegate.swift */ = {isa = PBXFileReference; lastKnownFileType = sourcecode.swift; path = SceneDelegate.swift; sourceTree = "<group>"; };
		42C79D1B24813F9D0071D14B /* ViewController.swift */ = {isa = PBXFileReference; lastKnownFileType = sourcecode.swift; path = ViewController.swift; sourceTree = "<group>"; };
		42C79D1E24813F9D0071D14B /* Base */ = {isa = PBXFileReference; lastKnownFileType = file.storyboard; name = Base; path = Base.lproj/Main.storyboard; sourceTree = "<group>"; };
		42C79D2024813FA10071D14B /* Assets.xcassets */ = {isa = PBXFileReference; lastKnownFileType = folder.assetcatalog; path = Assets.xcassets; sourceTree = "<group>"; };
		42C79D2324813FA10071D14B /* Base */ = {isa = PBXFileReference; lastKnownFileType = file.storyboard; name = Base; path = Base.lproj/LaunchScreen.storyboard; sourceTree = "<group>"; };
		42C79D2524813FA10071D14B /* Info.plist */ = {isa = PBXFileReference; lastKnownFileType = text.plist.xml; path = Info.plist; sourceTree = "<group>"; };
/* End PBXFileReference section */

/* Begin PBXFrameworksBuildPhase section */
		42C79D1124813F9D0071D14B /* Frameworks */ = {
			isa = PBXFrameworksBuildPhase;
			buildActionMask = 2147483647;
			files = (
			);
			runOnlyForDeploymentPostprocessing = 0;
		};
/* End PBXFrameworksBuildPhase section */

/* Begin PBXGroup section */
		42C79D0B24813F9C0071D14B = {
			isa = PBXGroup;
			children = (
				42C79D1624813F9D0071D14B /* UserList202005 */,
				42C79D1524813F9D0071D14B /* Products */,
			);
			sourceTree = "<group>";
		};
		42C79D1524813F9D0071D14B /* Products */ = {
			isa = PBXGroup;
			children = (
				42C79D1424813F9D0071D14B /* UserList202005.app */,
			);
			name = Products;
			sourceTree = "<group>";
		};
		42C79D1624813F9D0071D14B /* UserList202005 */ = {
			isa = PBXGroup;
			children = (
				42C79D1724813F9D0071D14B /* AppDelegate.swift */,
				42C79D1924813F9D0071D14B /* SceneDelegate.swift */,
				42C79D1B24813F9D0071D14B /* ViewController.swift */,
				42C79D1D24813F9D0071D14B /* Main.storyboard */,
				42C79D2024813FA10071D14B /* Assets.xcassets */,
				42C79D2224813FA10071D14B /* LaunchScreen.storyboard */,
				42C79D2524813FA10071D14B /* Info.plist */,
			);
			path = UserList202005;
			sourceTree = "<group>";
		};
/* End PBXGroup section */

/* Begin PBXNativeTarget section */
		42C79D1324813F9D0071D14B /* UserList202005 */ = {
			isa = PBXNativeTarget;
			buildConfigurationList = 42C79D2824813FA10071D14B /* Build configuration list for PBXNativeTarget "UserList202005" */;
			buildPhases = (
				42C79D1024813F9D0071D14B /* Sources */,
				42C79D1124813F9D0071D14B /* Frameworks */,
				42C79D1224813F9D0071D14B /* Resources */,
			);
			buildRules = (
			);
			dependencies = (
			);
			name = UserList202005;
			productName = UserList202005;
			productReference = 42C79D1424813F9D0071D14B /* UserList202005.app */;
			productType = "com.apple.product-type.application";
		};
/* End PBXNativeTarget section */

/* Begin PBXProject section */
		42C79D0C24813F9C0071D14B /* Project object */ = {
			isa = PBXProject;
			attributes = {
				LastSwiftUpdateCheck = 1140;
				LastUpgradeCheck = 1140;
				ORGANIZATIONNAME = watabe;
				TargetAttributes = {
					42C79D1324813F9D0071D14B = {
						CreatedOnToolsVersion = 11.4;
					};
				};
			};
			buildConfigurationList = 42C79D0F24813F9C0071D14B /* Build configuration list for PBXProject "UserList202005" */;
			compatibilityVersion = "Xcode 9.3";
			developmentRegion = en;
			hasScannedForEncodings = 0;
			knownRegions = (
				en,
				Base,
			);
			mainGroup = 42C79D0B24813F9C0071D14B;
			productRefGroup = 42C79D1524813F9D0071D14B /* Products */;
			projectDirPath = "";
			projectRoot = "";
			targets = (
				42C79D1324813F9D0071D14B /* UserList202005 */,
			);
		};
/* End PBXProject section */

/* Begin PBXResourcesBuildPhase section */
		42C79D1224813F9D0071D14B /* Resources */ = {
			isa = PBXResourcesBuildPhase;
			buildActionMask = 2147483647;
			files = (
				42C79D2424813FA10071D14B /* LaunchScreen.storyboard in Resources */,
				42C79D2124813FA10071D14B /* Assets.xcassets in Resources */,
				42C79D1F24813F9D0071D14B /* Main.storyboard in Resources */,
			);
			runOnlyForDeploymentPostprocessing = 0;
		};
/* End PBXResourcesBuildPhase section */

/* Begin PBXSourcesBuildPhase section */
		42C79D1024813F9D0071D14B /* Sources */ = {
			isa = PBXSourcesBuildPhase;
			buildActionMask = 2147483647;
			files = (
				42C79D1C24813F9D0071D14B /* ViewController.swift in Sources */,
				42C79D1824813F9D0071D14B /* AppDelegate.swift in Sources */,
				42C79D1A24813F9D0071D14B /* SceneDelegate.swift in Sources */,
			);
			runOnlyForDeploymentPostprocessing = 0;
		};
/* End PBXSourcesBuildPhase section */

/* Begin PBXVariantGroup section */
		42C79D1D24813F9D0071D14B /* Main.storyboard */ = {
			isa = PBXVariantGroup;
			children = (
				42C79D1E24813F9D0071D14B /* Base */,
			);
			name = Main.storyboard;
			sourceTree = "<group>";
		};
		42C79D2224813FA10071D14B /* LaunchScreen.storyboard */ = {
			isa = PBXVariantGroup;
			children = (
				42C79D2324813FA10071D14B /* Base */,
			);
			name = LaunchScreen.storyboard;
			sourceTree = "<group>";
		};
/* End PBXVariantGroup section */

/* Begin XCBuildConfiguration section */
		42C79D2624813FA10071D14B /* Debug */ = {
			isa = XCBuildConfiguration;
			buildSettings = {
				ALWAYS_SEARCH_USER_PATHS = NO;
				CLANG_ANALYZER_NONNULL = YES;
				CLANG_ANALYZER_NUMBER_OBJECT_CONVERSION = YES_AGGRESSIVE;
				CLANG_CXX_LANGUAGE_STANDARD = "gnu++14";
				CLANG_CXX_LIBRARY = "libc++";
				CLANG_ENABLE_MODULES = YES;
				CLANG_ENABLE_OBJC_ARC = YES;
				CLANG_ENABLE_OBJC_WEAK = YES;
				CLANG_WARN_BLOCK_CAPTURE_AUTORELEASING = YES;
				CLANG_WARN_BOOL_CONVERSION = YES;
				CLANG_WARN_COMMA = YES;
				CLANG_WARN_CONSTANT_CONVERSION = YES;
				CLANG_WARN_DEPRECATED_OBJC_IMPLEMENTATIONS = YES;
				CLANG_WARN_DIRECT_OBJC_ISA_USAGE = YES_ERROR;
				CLANG_WARN_DOCUMENTATION_COMMENTS = YES;
				CLANG_WARN_EMPTY_BODY = YES;
				CLANG_WARN_ENUM_CONVERSION = YES;
				CLANG_WARN_INFINITE_RECURSION = YES;
				CLANG_WARN_INT_CONVERSION = YES;
				CLANG_WARN_NON_LITERAL_NULL_CONVERSION = YES;
				CLANG_WARN_OBJC_IMPLICIT_RETAIN_SELF = YES;
				CLANG_WARN_OBJC_LITERAL_CONVERSION = YES;
				CLANG_WARN_OBJC_ROOT_CLASS = YES_ERROR;
				CLANG_WARN_RANGE_LOOP_ANALYSIS = YES;
				CLANG_WARN_STRICT_PROTOTYPES = YES;
				CLANG_WARN_SUSPICIOUS_MOVE = YES;
				CLANG_WARN_UNGUARDED_AVAILABILITY = YES_AGGRESSIVE;
				CLANG_WARN_UNREACHABLE_CODE = YES;
				CLANG_WARN__DUPLICATE_METHOD_MATCH = YES;
				COPY_PHASE_STRIP = NO;
				DEBUG_INFORMATION_FORMAT = dwarf;
				ENABLE_STRICT_OBJC_MSGSEND = YES;
				ENABLE_TESTABILITY = YES;
				GCC_C_LANGUAGE_STANDARD = gnu11;
				GCC_DYNAMIC_NO_PIC = NO;
				GCC_NO_COMMON_BLOCKS = YES;
				GCC_OPTIMIZATION_LEVEL = 0;
				GCC_PREPROCESSOR_DEFINITIONS = (
					"DEBUG=1",
					"$(inherited)",
				);
				GCC_WARN_64_TO_32_BIT_CONVERSION = YES;
				GCC_WARN_ABOUT_RETURN_TYPE = YES_ERROR;
				GCC_WARN_UNDECLARED_SELECTOR = YES;
				GCC_WARN_UNINITIALIZED_AUTOS = YES_AGGRESSIVE;
				GCC_WARN_UNUSED_FUNCTION = YES;
				GCC_WARN_UNUSED_VARIABLE = YES;
				IPHONEOS_DEPLOYMENT_TARGET = 13.4;
				MTL_ENABLE_DEBUG_INFO = INCLUDE_SOURCE;
				MTL_FAST_MATH = YES;
				ONLY_ACTIVE_ARCH = YES;
				SDKROOT = iphoneos;
				SWIFT_ACTIVE_COMPILATION_CONDITIONS = DEBUG;
				SWIFT_OPTIMIZATION_LEVEL = "-Onone";
			};
			name = Debug;
		};
		42C79D2724813FA10071D14B /* Release */ = {
			isa = XCBuildConfiguration;
			buildSettings = {
				ALWAYS_SEARCH_USER_PATHS = NO;
				CLANG_ANALYZER_NONNULL = YES;
				CLANG_ANALYZER_NUMBER_OBJECT_CONVERSION = YES_AGGRESSIVE;
				CLANG_CXX_LANGUAGE_STANDARD = "gnu++14";
				CLANG_CXX_LIBRARY = "libc++";
				CLANG_ENABLE_MODULES = YES;
				CLANG_ENABLE_OBJC_ARC = YES;
				CLANG_ENABLE_OBJC_WEAK = YES;
				CLANG_WARN_BLOCK_CAPTURE_AUTORELEASING = YES;
				CLANG_WARN_BOOL_CONVERSION = YES;
				CLANG_WARN_COMMA = YES;
				CLANG_WARN_CONSTANT_CONVERSION = YES;
				CLANG_WARN_DEPRECATED_OBJC_IMPLEMENTATIONS = YES;
				CLANG_WARN_DIRECT_OBJC_ISA_USAGE = YES_ERROR;
				CLANG_WARN_DOCUMENTATION_COMMENTS = YES;
				CLANG_WARN_EMPTY_BODY = YES;
				CLANG_WARN_ENUM_CONVERSION = YES;
				CLANG_WARN_INFINITE_RECURSION = YES;
				CLANG_WARN_INT_CONVERSION = YES;
				CLANG_WARN_NON_LITERAL_NULL_CONVERSION = YES;
				CLANG_WARN_OBJC_IMPLICIT_RETAIN_SELF = YES;
				CLANG_WARN_OBJC_LITERAL_CONVERSION = YES;
				CLANG_WARN_OBJC_ROOT_CLASS = YES_ERROR;
				CLANG_WARN_RANGE_LOOP_ANALYSIS = YES;
				CLANG_WARN_STRICT_PROTOTYPES = YES;
				CLANG_WARN_SUSPICIOUS_MOVE = YES;
				CLANG_WARN_UNGUARDED_AVAILABILITY = YES_AGGRESSIVE;
				CLANG_WARN_UNREACHABLE_CODE = YES;
				CLANG_WARN__DUPLICATE_METHOD_MATCH = YES;
				COPY_PHASE_STRIP = NO;
				DEBUG_INFORMATION_FORMAT = "dwarf-with-dsym";
				ENABLE_NS_ASSERTIONS = NO;
				ENABLE_STRICT_OBJC_MSGSEND = YES;
				GCC_C_LANGUAGE_STANDARD = gnu11;
				GCC_NO_COMMON_BLOCKS = YES;
				GCC_WARN_64_TO_32_BIT_CONVERSION = YES;
				GCC_WARN_ABOUT_RETURN_TYPE = YES_ERROR;
				GCC_WARN_UNDECLARED_SELECTOR = YES;
				GCC_WARN_UNINITIALIZED_AUTOS = YES_AGGRESSIVE;
				GCC_WARN_UNUSED_FUNCTION = YES;
				GCC_WARN_UNUSED_VARIABLE = YES;
				IPHONEOS_DEPLOYMENT_TARGET = 13.4;
				MTL_ENABLE_DEBUG_INFO = NO;
				MTL_FAST_MATH = YES;
				SDKROOT = iphoneos;
				SWIFT_COMPILATION_MODE = wholemodule;
				SWIFT_OPTIMIZATION_LEVEL = "-O";
				VALIDATE_PRODUCT = YES;
			};
			name = Release;
		};
		42C79D2924813FA10071D14B /* Debug */ = {
			isa = XCBuildConfiguration;
			buildSettings = {
				ASSETCATALOG_COMPILER_APPICON_NAME = AppIcon;
				CODE_SIGN_STYLE = Automatic;
				DEVELOPMENT_TEAM = TXYC8UFM49;
				INFOPLIST_FILE = UserList202005/Info.plist;
				LD_RUNPATH_SEARCH_PATHS = (
					"$(inherited)",
					"@executable_path/Frameworks",
				);
				PRODUCT_BUNDLE_IDENTIFIER = myapp.UserList202005;
				PRODUCT_NAME = "$(TARGET_NAME)";
				SWIFT_VERSION = 5.0;
				TARGETED_DEVICE_FAMILY = "1,2";
			};
			name = Debug;
		};
		42C79D2A24813FA10071D14B /* Release */ = {
			isa = XCBuildConfiguration;
			buildSettings = {
				ASSETCATALOG_COMPILER_APPICON_NAME = AppIcon;
				CODE_SIGN_STYLE = Automatic;
				DEVELOPMENT_TEAM = TXYC8UFM49;
				INFOPLIST_FILE = UserList202005/Info.plist;
				LD_RUNPATH_SEARCH_PATHS = (
					"$(inherited)",
					"@executable_path/Frameworks",
				);
				PRODUCT_BUNDLE_IDENTIFIER = myapp.UserList202005;
				PRODUCT_NAME = "$(TARGET_NAME)";
				SWIFT_VERSION = 5.0;
				TARGETED_DEVICE_FAMILY = "1,2";
			};
			name = Release;
		};
/* End XCBuildConfiguration section */

/* Begin XCConfigurationList section */
		42C79D0F24813F9C0071D14B /* Build configuration list for PBXProject "UserList202005" */ = {
			isa = XCConfigurationList;
			buildConfigurations = (
				42C79D2624813FA10071D14B /* Debug */,
				42C79D2724813FA10071D14B /* Release */,
			);
			defaultConfigurationIsVisible = 0;
			defaultConfigurationName = Release;
		};
		42C79D2824813FA10071D14B /* Build configuration list for PBXNativeTarget "UserList202005" */ = {
			isa = XCConfigurationList;
			buildConfigurations = (
				42C79D2924813FA10071D14B /* Debug */,
				42C79D2A24813FA10071D14B /* Release */,
			);
			defaultConfigurationIsVisible = 0;
			defaultConfigurationName = Release;
		};
/* End XCConfigurationList section */
	};
	rootObject = 42C79D0C24813F9C0071D14B /* Project object */;
}
